
Microsoft Visual Studio Solution File, Format Version 12.00
# Visual Studio 15
VisualStudioVersion = 15.0.27703.2026
MinimumVisualStudioVersion = 10.0.40219.1
Project("{9A19103F-16F7-4668-BE54-9A1E7A4F7556}") = "SceneSkope.HashingFunctions", "src\SceneSkope.HashingFunctions\SceneSkope.HashingFunctions.csproj", "{4C1726DC-B981-4A05-8593-1DA7B058858F}"
EndProject
Project("{2150E333-8FDC-42A3-9474-1A3956D46DE8}") = "Solution Items", "Solution Items", "{F8F44AAC-AE85-4E1B-B0EF-8F5F9BB80FE9}"
	ProjectSection(SolutionItems) = preProject
		appveyor.yml = appveyor.yml
		build.ps1 = build.ps1
		Directory.Build.props = Directory.Build.props
	EndProjectSection
EndProject
Project("{2150E333-8FDC-42A3-9474-1A3956D46DE8}") = "src", "src", "{7BE04070-8E97-4831-8146-C4531AF4B4DA}"
EndProject
Project("{2150E333-8FDC-42A3-9474-1A3956D46DE8}") = "test", "test", "{31053B37-2BF6-4A26-A128-66AA5B3E32CD}"
EndProject
Project("{FAE04EC0-301F-11D3-BF4B-00C04F79EFBC}") = "TestHashingFunctions", "test\TestHashingFunctions\TestHashingFunctions.csproj", "{EE3735CA-EAFC-48B4-90D9-7092B825F8F5}"
EndProject
Global
	GlobalSection(SolutionConfigurationPlatforms) = preSolution
		Debug|Any CPU = Debug|Any CPU
		Release|Any CPU = Release|Any CPU
	EndGlobalSection
	GlobalSection(ProjectConfigurationPlatforms) = postSolution
		{4C1726DC-B981-4A05-8593-1DA7B058858F}.Debug|Any CPU.ActiveCfg = Debug|Any CPU
		{4C1726DC-B981-4A05-8593-1DA7B058858F}.Debug|Any CPU.Build.0 = Debug|Any CPU
		{4C1726DC-B981-4A05-8593-1DA7B058858F}.Release|Any CPU.ActiveCfg = Release|Any CPU
		{4C1726DC-B981-4A05-8593-1DA7B058858F}.Release|Any CPU.Build.0 = Release|Any CPU
		{EE3735CA-EAFC-48B4-90D9-7092B825F8F5}.Debug|Any CPU.ActiveCfg = Debug|Any CPU
		{EE3735CA-EAFC-48B4-90D9-7092B825F8F5}.Debug|Any CPU.Build.0 = Debug|Any CPU
		{EE3735CA-EAFC-48B4-90D9-7092B825F8F5}.Release|Any CPU.ActiveCfg = Release|Any CPU
		{EE3735CA-EAFC-48B4-90D9-7092B825F8F5}.Release|Any CPU.Build.0 = Release|Any CPU
	EndGlobalSection
	GlobalSection(SolutionProperties) = preSolution
		HideSolutionNode = FALSE
	EndGlobalSection
	GlobalSection(NestedProjects) = preSolution
		{4C1726DC-B981-4A05-8593-1DA7B058858F} = {7BE04070-8E97-4831-8146-C4531AF4B4DA}
		{EE3735CA-EAFC-48B4-90D9-7092B825F8F5} = {31053B37-2BF6-4A26-A128-66AA5B3E32CD}
	EndGlobalSection
	GlobalSection(ExtensibilityGlobals) = postSolution
		SolutionGuid = {1A8BC527-30A7-42FB-91F6-C1B270FD0FCC}
	EndGlobalSection
EndGlobal
